<?xml version="1.0" encoding="utf-8"?>
<Project ToolsVersion="4.0" xmlns="http://schemas.microsoft.com/developer/msbuild/2003">
  <ItemGroup>
    <Filter Include="default">
      <UniqueIdentifier>{54672f91-76cc-4626-a96f-7fcae2af3c27}</UniqueIdentifier>
    </Filter>
    <Filter Include="data_reader">
      <UniqueIdentifier>{22e6cc54-60e9-4bf9-a6b2-feacd59c2d5e}</UniqueIdentifier>
    </Filter>
    <Filter Include="files_manager">
      <UniqueIdentifier>{3a758f1b-aca2-4dcf-ac7c-bae162f179a3}</UniqueIdentifier>
    </Filter>
    <Filter Include="data_reader\items">
      <UniqueIdentifier>{0631d728-70cf-462c-ba28-428783a2f855}</UniqueIdentifier>
    </Filter>
    <Filter Include="string_utils">
      <UniqueIdentifier>{e4f71ea6-1471-4732-bec7-78ad2930ee3c}</UniqueIdentifier>
    </Filter>
    <Filter Include="game_contents">
      <UniqueIdentifier>{b73c6a2b-ec90-4e53-b1d4-732327afc39a}</UniqueIdentifier>
    </Filter>
  </ItemGroup>
  <ItemGroup>
    <ClInclude Include="common_pch.h">
      <Filter>default</Filter>
    </ClInclude>
    <ClInclude Include="data_reader\data_reader_manager.h">
      <Filter>data_reader</Filter>
    </ClInclude>
    <ClInclude Include="files_manager\file_manager.h">
      <Filter>files_manager</Filter>
    </ClInclude>
    <ClInclude Include="files_manager\items\item_model.h">
      <Filter>data_reader\items</Filter>
    </ClInclude>
    <ClInclude Include="files_manager\items\item_data.h">
      <Filter>data_reader\items</Filter>
    </ClInclude>
    <ClInclude Include="string_utils\string_utils.h">
      <Filter>string_utils</Filter>
    </ClInclude>
    <ClInclude Include="game_contents\game_contents.h">
      <Filter>game_contents</Filter>
    </ClInclude>
  </ItemGroup>
  <ItemGroup>
    <ClCompile Include="common_pch.cpp">
      <Filter>default</Filter>
    </ClCompile>
    <ClCompile Include="data_reader\data_reader_manager.cpp">
      <Filter>data_reader</Filter>
    </ClCompile>
    <ClCompile Include="files_manager\file_manager.cpp">
      <Filter>files_manager</Filter>
    </ClCompile>
    <ClCompile Include="files_manager\items\item_model.cpp">
      <Filter>data_reader\items</Filter>
    </ClCompile>
    <ClCompile Include="files_manager\items\item_data.cpp">
      <Filter>data_reader\items</Filter>
    </ClCompile>
    <ClCompile Include="string_utils\string_utils.cpp">
      <Filter>string_utils</Filter>
    </ClCompile>
    <ClCompile Include="game_contents\game_contents.cpp">
      <Filter>game_contents</Filter>
    </ClCompile>
  </ItemGroup>
</Project>