<?xml version="1.0" encoding="utf-8"?>
<Project ToolsVersion="4.0" xmlns="http://schemas.microsoft.com/developer/msbuild/2003">
  <ItemGroup>
    <ClCompile Include="main.cpp">
      <Filter>main</Filter>
    </ClCompile>
    <ClCompile Include="pch.cpp">
      <Filter>main</Filter>
    </ClCompile>
    <ClCompile Include="packet_handler\login_handler\login_handler_manager.cpp">
      <Filter>packet_handling\login_handler</Filter>
    </ClCompile>
    <ClCompile Include="packet_handler\login_handler\login_handler.cpp">
      <Filter>packet_handling\login_handler</Filter>
    </ClCompile>
    <ClCompile Include="game\player.cpp">
      <Filter>game</Filter>
    </ClCompile>
    <ClCompile Include="game\equipped\equipped.cpp">
      <Filter>game\equipped</Filter>
    </ClCompile>
    <ClCompile Include="login_session\login_client_packet_handler.cpp">
      <Filter>login_session</Filter>
    </ClCompile>
    <ClCompile Include="login_session\login_session.cpp">
      <Filter>login_session</Filter>
    </ClCompile>
    <ClCompile Include="login_session\login_session_manager.cpp">
      <Filter>login_session</Filter>
    </ClCompile>
    <ClCompile Include="login_session\packet_creator.cpp">
      <Filter>login_session</Filter>
    </ClCompile>
    <ClCompile Include="protocol\login_struct.pb.cc">
      <Filter>protocol</Filter>
    </ClCompile>
    <ClCompile Include="protocol\login_protocol.pb.cc">
      <Filter>protocol</Filter>
    </ClCompile>
    <ClCompile Include="protocol\login_enum.pb.cc">
      <Filter>protocol</Filter>
    </ClCompile>
    <ClCompile Include="game\loggedin\login.cpp">
      <Filter>game\loggedin</Filter>
    </ClCompile>
    <ClCompile Include="login_server.cpp">
      <Filter>main</Filter>
    </ClCompile>
    <ClCompile Include="protocol\center_login_enum.pb.cc">
      <Filter>protocol</Filter>
    </ClCompile>
    <ClCompile Include="protocol\center_login_protocol.pb.cc">
      <Filter>protocol</Filter>
    </ClCompile>
    <ClCompile Include="protocol\center_login_struct.pb.cc">
      <Filter>protocol</Filter>
    </ClCompile>
    <ClCompile Include="center_server_session\center_login_session_manager.cpp">
      <Filter>center_server_session</Filter>
    </ClCompile>
    <ClCompile Include="center_server_session\center_login_client_packet_handler.cpp">
      <Filter>center_server_session</Filter>
    </ClCompile>
    <ClCompile Include="center_server_session\center_login_session.cpp">
      <Filter>center_server_session</Filter>
    </ClCompile>
    <ClCompile Include="auth_storage\auth_storage.cpp">
      <Filter>auth_storage</Filter>
    </ClCompile>
    <ClCompile Include="packet_handler\center_handler\center_handler.cpp">
      <Filter>packet_handling\center_handler</Filter>
    </ClCompile>
    <ClCompile Include="packet_handler\center_handler\center_handler_manager.cpp">
      <Filter>packet_handling\center_handler</Filter>
    </ClCompile>
  </ItemGroup>
  <ItemGroup>
    <Filter Include="protocol">
      <UniqueIdentifier>{a848330f-0f22-4d0b-b098-a196851131a1}</UniqueIdentifier>
    </Filter>
    <Filter Include="main">
      <UniqueIdentifier>{713985d8-a984-4024-bb64-ae04de0f5fd0}</UniqueIdentifier>
    </Filter>
    <Filter Include="packet_handling">
      <UniqueIdentifier>{553b40c1-8d09-4682-8805-2dbb1885fac0}</UniqueIdentifier>
    </Filter>
    <Filter Include="packet_handling\login_handler">
      <UniqueIdentifier>{f6f203d8-442d-4591-bbb8-791dae23bfe2}</UniqueIdentifier>
    </Filter>
    <Filter Include="game">
      <UniqueIdentifier>{74dc05ee-82d1-4aa3-9b37-d91aba839738}</UniqueIdentifier>
    </Filter>
    <Filter Include="game\equipped">
      <UniqueIdentifier>{a5eb6db2-5da4-4f93-bc51-fb8db276f3ad}</UniqueIdentifier>
    </Filter>
    <Filter Include="login_session">
      <UniqueIdentifier>{572741c7-c50d-44de-8890-65eb8d1ea2d8}</UniqueIdentifier>
    </Filter>
    <Filter Include="game\loggedin">
      <UniqueIdentifier>{e564d9fc-5cba-41cc-be66-42e6d512f756}</UniqueIdentifier>
    </Filter>
    <Filter Include="center_server_session">
      <UniqueIdentifier>{a185919c-8f2a-4553-9baf-eb50ad97fc50}</UniqueIdentifier>
    </Filter>
    <Filter Include="auth_storage">
      <UniqueIdentifier>{0ae65f61-e3f5-4081-8331-b459f8ea009e}</UniqueIdentifier>
    </Filter>
    <Filter Include="packet_handling\center_handler">
      <UniqueIdentifier>{6afc0409-59dc-4653-9bdf-9bbb1bbc689e}</UniqueIdentifier>
    </Filter>
  </ItemGroup>
  <ItemGroup>
    <ClInclude Include="pch.h">
      <Filter>main</Filter>
    </ClInclude>
    <ClInclude Include="packet_handler\login_handler\login_handler_manager.h">
      <Filter>packet_handling\login_handler</Filter>
    </ClInclude>
    <ClInclude Include="packet_handler\login_handler\login_handler.h">
      <Filter>packet_handling\login_handler</Filter>
    </ClInclude>
    <ClInclude Include="game\player.h">
      <Filter>game</Filter>
    </ClInclude>
    <ClInclude Include="game\equipped\equipped.h">
      <Filter>game\equipped</Filter>
    </ClInclude>
    <ClInclude Include="login_session\login_session.h">
      <Filter>login_session</Filter>
    </ClInclude>
    <ClInclude Include="login_session\login_session_manaeger.h">
      <Filter>login_session</Filter>
    </ClInclude>
    <ClInclude Include="login_session\packet_creator.h">
      <Filter>login_session</Filter>
    </ClInclude>
    <ClInclude Include="login_session\login_client_packet_handler.h">
      <Filter>login_session</Filter>
    </ClInclude>
    <ClInclude Include="protocol\login_protocol.pb.h">
      <Filter>protocol</Filter>
    </ClInclude>
    <ClInclude Include="protocol\login_struct.pb.h">
      <Filter>protocol</Filter>
    </ClInclude>
    <ClInclude Include="protocol\login_enum.pb.h">
      <Filter>protocol</Filter>
    </ClInclude>
    <ClInclude Include="game\loggedin\login.h">
      <Filter>game\loggedin</Filter>
    </ClInclude>
    <ClInclude Include="login_server.h">
      <Filter>main</Filter>
    </ClInclude>
    <ClInclude Include="protocol\center_login_struct.pb.h">
      <Filter>protocol</Filter>
    </ClInclude>
    <ClInclude Include="protocol\center_login_enum.pb.h">
      <Filter>protocol</Filter>
    </ClInclude>
    <ClInclude Include="protocol\center_login_protocol.pb.h">
      <Filter>protocol</Filter>
    </ClInclude>
    <ClInclude Include="center_server_session\center_login_client_packet_handler.h">
      <Filter>center_server_session</Filter>
    </ClInclude>
    <ClInclude Include="center_server_session\center_login_session.h">
      <Filter>center_server_session</Filter>
    </ClInclude>
    <ClInclude Include="center_server_session\center_login_session_manaeger.h">
      <Filter>center_server_session</Filter>
    </ClInclude>
    <ClInclude Include="externs.h">
      <Filter>main</Filter>
    </ClInclude>
    <ClInclude Include="auth_storage\auth_storage.h">
      <Filter>auth_storage</Filter>
    </ClInclude>
    <ClInclude Include="packet_handler\center_handler\center_handler.h">
      <Filter>packet_handling\center_handler</Filter>
    </ClInclude>
    <ClInclude Include="packet_handler\center_handler\center_handler_manager.h">
      <Filter>packet_handling\center_handler</Filter>
    </ClInclude>
  </ItemGroup>
  <ItemGroup>
    <None Include="..\..\Common\Protobuf\bin\login_enum.proto">
      <Filter>protocol</Filter>
    </None>
    <None Include="..\..\Common\Protobuf\bin\login_gen_packet.bat">
      <Filter>protocol</Filter>
    </None>
    <None Include="..\..\Common\Protobuf\bin\login_protocol.proto">
      <Filter>protocol</Filter>
    </None>
    <None Include="..\..\Common\Protobuf\bin\login_struct.proto">
      <Filter>protocol</Filter>
    </None>
    <None Include="..\..\Common\Protobuf\center_server_protobuf\center_login_struct.proto">
      <Filter>protocol</Filter>
    </None>
    <None Include="..\..\Common\Protobuf\center_server_protobuf\center_gen_packet.bat">
      <Filter>protocol</Filter>
    </None>
    <None Include="..\..\Common\Protobuf\center_server_protobuf\center_login_enum.proto">
      <Filter>protocol</Filter>
    </None>
    <None Include="..\..\Common\Protobuf\center_server_protobuf\center_login_protocol.proto">
      <Filter>protocol</Filter>
    </None>
  </ItemGroup>
</Project>