<?xml version="1.0" encoding="utf-8"?>
<Project ToolsVersion="4.0" xmlns="http://schemas.microsoft.com/developer/msbuild/2003">
  <ItemGroup>
    <ClCompile Include="game_server.cpp">
      <Filter>main</Filter>
    </ClCompile>
    <ClCompile Include="pch.cpp">
      <Filter>main</Filter>
    </ClCompile>
    <ClCompile Include="game_session\game_session.cpp">
      <Filter>game_session</Filter>
    </ClCompile>
    <ClCompile Include="game_session\game_session_manager.cpp">
      <Filter>game_session</Filter>
    </ClCompile>
    <ClCompile Include="game_session\client_packet_handler.cpp">
      <Filter>game_session</Filter>
    </ClCompile>
    <ClCompile Include="protocol\enum.pb.cc">
      <Filter>protocol</Filter>
    </ClCompile>
    <ClCompile Include="protocol\protocol.pb.cc">
      <Filter>protocol</Filter>
    </ClCompile>
    <ClCompile Include="protocol\struct.pb.cc">
      <Filter>protocol</Filter>
    </ClCompile>
    <ClCompile Include="game_session\packet_creator.cpp">
      <Filter>game_session</Filter>
    </ClCompile>
    <ClCompile Include="packet_handler\login_handler\login_handler_manager.cpp">
      <Filter>packet_handling\login_handler</Filter>
    </ClCompile>
    <ClCompile Include="packet_handler\login_handler\login_handler.cpp">
      <Filter>packet_handling\login_handler</Filter>
    </ClCompile>
    <ClCompile Include="game\player.cpp">
      <Filter>game</Filter>
    </ClCompile>
    <ClCompile Include="game\equipped\equipped.cpp">
      <Filter>game\equipped</Filter>
    </ClCompile>
  </ItemGroup>
  <ItemGroup>
    <Filter Include="game_session">
      <UniqueIdentifier>{e73081cf-bd1e-4b8c-bee8-5cae46f5bd00}</UniqueIdentifier>
    </Filter>
    <Filter Include="protocol">
      <UniqueIdentifier>{a848330f-0f22-4d0b-b098-a196851131a1}</UniqueIdentifier>
    </Filter>
    <Filter Include="main">
      <UniqueIdentifier>{713985d8-a984-4024-bb64-ae04de0f5fd0}</UniqueIdentifier>
    </Filter>
    <Filter Include="packet_handling">
      <UniqueIdentifier>{553b40c1-8d09-4682-8805-2dbb1885fac0}</UniqueIdentifier>
    </Filter>
    <Filter Include="packet_handling\login_handler">
      <UniqueIdentifier>{f6f203d8-442d-4591-bbb8-791dae23bfe2}</UniqueIdentifier>
    </Filter>
    <Filter Include="game">
      <UniqueIdentifier>{74dc05ee-82d1-4aa3-9b37-d91aba839738}</UniqueIdentifier>
    </Filter>
    <Filter Include="game\equipped">
      <UniqueIdentifier>{a5eb6db2-5da4-4f93-bc51-fb8db276f3ad}</UniqueIdentifier>
    </Filter>
  </ItemGroup>
  <ItemGroup>
    <ClInclude Include="pch.h">
      <Filter>main</Filter>
    </ClInclude>
    <ClInclude Include="game_session\client_packet_handler.h">
      <Filter>game_session</Filter>
    </ClInclude>
    <ClInclude Include="game_session\game_session.h">
      <Filter>game_session</Filter>
    </ClInclude>
    <ClInclude Include="game_session\game_session_manaeger.h">
      <Filter>game_session</Filter>
    </ClInclude>
    <ClInclude Include="protocol\enum.pb.h">
      <Filter>protocol</Filter>
    </ClInclude>
    <ClInclude Include="protocol\protocol.pb.h">
      <Filter>protocol</Filter>
    </ClInclude>
    <ClInclude Include="protocol\struct.pb.h">
      <Filter>protocol</Filter>
    </ClInclude>
    <ClInclude Include="game_session\packet_creator.h">
      <Filter>game_session</Filter>
    </ClInclude>
    <ClInclude Include="packet_handler\login_handler\login_handler_manager.h">
      <Filter>packet_handling\login_handler</Filter>
    </ClInclude>
    <ClInclude Include="packet_handler\login_handler\login_handler.h">
      <Filter>packet_handling\login_handler</Filter>
    </ClInclude>
    <ClInclude Include="game\player.h">
      <Filter>game</Filter>
    </ClInclude>
    <ClInclude Include="game\equipped\equipped.h">
      <Filter>game\equipped</Filter>
    </ClInclude>
  </ItemGroup>
  <ItemGroup>
    <None Include="..\..\Common\Protobuf\bin\enum.proto">
      <Filter>protocol</Filter>
    </None>
    <None Include="..\..\Common\Protobuf\bin\gen_packet.bat">
      <Filter>protocol</Filter>
    </None>
    <None Include="..\..\Common\Protobuf\bin\protocol.proto">
      <Filter>protocol</Filter>
    </None>
    <None Include="..\..\Common\Protobuf\bin\struct.proto">
      <Filter>protocol</Filter>
    </None>
  </ItemGroup>
</Project>