<?xml version="1.0" encoding="utf-8"?>
<Project ToolsVersion="4.0" xmlns="http://schemas.microsoft.com/developer/msbuild/2003">
  <ItemGroup>
    <ClCompile Include="game_server.cpp">
      <Filter>main</Filter>
    </ClCompile>
    <ClCompile Include="pch.cpp">
      <Filter>main</Filter>
    </ClCompile>
    <ClCompile Include="game_session\game_session.cpp">
      <Filter>game_session</Filter>
    </ClCompile>
    <ClCompile Include="game_session\game_session_manager.cpp">
      <Filter>game_session</Filter>
    </ClCompile>
    <ClCompile Include="game_session\client_packet_handler.cpp">
      <Filter>game_session</Filter>
    </ClCompile>
    <ClCompile Include="protocol\enum.pb.cc">
      <Filter>protocol</Filter>
    </ClCompile>
    <ClCompile Include="protocol\protocol.pb.cc">
      <Filter>protocol</Filter>
    </ClCompile>
    <ClCompile Include="protocol\struct.pb.cc">
      <Filter>protocol</Filter>
    </ClCompile>
    <ClCompile Include="player\player.cpp">
      <Filter>player</Filter>
    </ClCompile>
    <ClCompile Include="game_session\packet_creator.cpp">
      <Filter>game_session</Filter>
    </ClCompile>
  </ItemGroup>
  <ItemGroup>
    <Filter Include="game_session">
      <UniqueIdentifier>{e73081cf-bd1e-4b8c-bee8-5cae46f5bd00}</UniqueIdentifier>
    </Filter>
    <Filter Include="protocol">
      <UniqueIdentifier>{a848330f-0f22-4d0b-b098-a196851131a1}</UniqueIdentifier>
    </Filter>
    <Filter Include="player">
      <UniqueIdentifier>{8c632bdb-80e5-4f42-ad6c-a43c56da0e04}</UniqueIdentifier>
    </Filter>
    <Filter Include="main">
      <UniqueIdentifier>{713985d8-a984-4024-bb64-ae04de0f5fd0}</UniqueIdentifier>
    </Filter>
  </ItemGroup>
  <ItemGroup>
    <ClInclude Include="pch.h">
      <Filter>main</Filter>
    </ClInclude>
    <ClInclude Include="game_session\client_packet_handler.h">
      <Filter>game_session</Filter>
    </ClInclude>
    <ClInclude Include="game_session\game_session.h">
      <Filter>game_session</Filter>
    </ClInclude>
    <ClInclude Include="game_session\game_session_manaeger.h">
      <Filter>game_session</Filter>
    </ClInclude>
    <ClInclude Include="protocol\enum.pb.h">
      <Filter>protocol</Filter>
    </ClInclude>
    <ClInclude Include="protocol\protocol.pb.h">
      <Filter>protocol</Filter>
    </ClInclude>
    <ClInclude Include="protocol\struct.pb.h">
      <Filter>protocol</Filter>
    </ClInclude>
    <ClInclude Include="player\player.h">
      <Filter>player</Filter>
    </ClInclude>
    <ClInclude Include="game_session\packet_creator.h">
      <Filter>game_session</Filter>
    </ClInclude>
  </ItemGroup>
  <ItemGroup>
    <None Include="..\..\Common\Protobuf\bin\enum.proto">
      <Filter>protocol</Filter>
    </None>
    <None Include="..\..\Common\Protobuf\bin\gen_packet.bat">
      <Filter>protocol</Filter>
    </None>
    <None Include="..\..\Common\Protobuf\bin\protocol.proto">
      <Filter>protocol</Filter>
    </None>
    <None Include="..\..\Common\Protobuf\bin\struct.proto">
      <Filter>protocol</Filter>
    </None>
  </ItemGroup>
</Project>