<?xml version="1.0" encoding="utf-8"?>
<Project ToolsVersion="4.0" xmlns="http://schemas.microsoft.com/developer/msbuild/2003">
  <ItemGroup>
    <ClCompile Include="main.cpp">
      <Filter>main</Filter>
    </ClCompile>
    <ClCompile Include="game_server_pch.cpp">
      <Filter>main</Filter>
    </ClCompile>
    <ClCompile Include="game_session\game_session.cpp">
      <Filter>game_session</Filter>
    </ClCompile>
    <ClCompile Include="game_session\game_session_manager.cpp">
      <Filter>game_session</Filter>
    </ClCompile>
    <ClCompile Include="game_session\game_client_packet_hadneler.cpp">
      <Filter>game_session</Filter>
    </ClCompile>
    <ClCompile Include="protocol\game_enum.pb.cc">
      <Filter>protocol</Filter>
    </ClCompile>
    <ClCompile Include="protocol\game_protocol.pb.cc">
      <Filter>protocol</Filter>
    </ClCompile>
    <ClCompile Include="protocol\game_struct.pb.cc">
      <Filter>protocol</Filter>
    </ClCompile>
    <ClCompile Include="game_server.cpp">
      <Filter>main</Filter>
    </ClCompile>
    <ClCompile Include="protocol\center_login_enum.pb.cc">
      <Filter>protocol</Filter>
    </ClCompile>
    <ClCompile Include="protocol\center_login_protocol.pb.cc">
      <Filter>protocol</Filter>
    </ClCompile>
    <ClCompile Include="protocol\center_login_struct.pb.cc">
      <Filter>protocol</Filter>
    </ClCompile>
    <ClCompile Include="center_client_session\center_login_server_packet_handler.cpp">
      <Filter>center_client_session</Filter>
    </ClCompile>
    <ClCompile Include="center_client_session\center_client_session.cpp">
      <Filter>center_client_session</Filter>
    </ClCompile>
    <ClCompile Include="managers\auth_manager\game_auth_manager.cpp">
      <Filter>managers\auth_manager</Filter>
    </ClCompile>
    <ClCompile Include="packet_handling\game_center_client_handler\game_center_client_handler.cpp">
      <Filter>packet_handling\game_center_client_handler</Filter>
    </ClCompile>
    <ClCompile Include="packet_handling\game_center_client_handler\game_center_client_handler_manager.cpp">
      <Filter>packet_handling\game_center_client_handler</Filter>
    </ClCompile>
    <ClCompile Include="managers\game_job_queue\game_character_load_queue.cpp">
      <Filter>managers\game_job_queue</Filter>
    </ClCompile>
    <ClCompile Include="game\entitiy\character\game_character.cpp">
      <Filter>game\entity\character</Filter>
    </ClCompile>
    <ClCompile Include="game\entitiy\game_entity.cpp">
      <Filter>game\entity</Filter>
    </ClCompile>
    <ClCompile Include="game\loader\loader.cpp">
      <Filter>game\loader</Filter>
    </ClCompile>
    <ClCompile Include="game\entitiy\character\information_collection\stats\statistic.cpp">
      <Filter>game\entity\character\information_collection\stats</Filter>
    </ClCompile>
    <ClCompile Include="game\entitiy\character\information_collection\base_info.cpp">
      <Filter>game\entity\character\information_collection</Filter>
    </ClCompile>
    <ClCompile Include="managers\character_info_manager\character_info_storage_manager.cpp">
      <Filter>managers\character_info_manager</Filter>
    </ClCompile>
    <ClCompile Include="managers\character_info_manager\character_info_storage.cpp">
      <Filter>managers\character_info_manager</Filter>
    </ClCompile>
    <ClCompile Include="game\entitiy\character\information_collection\inventorys\inventorys.cpp">
      <Filter>game\entity\character\information_collection\inventorys</Filter>
    </ClCompile>
    <ClCompile Include="game\entitiy\character\information_collection\inventorys\inventory.cpp">
      <Filter>game\entity\character\information_collection\inventorys</Filter>
    </ClCompile>
    <ClCompile Include="game\map\map_manager.cpp">
      <Filter>game\map</Filter>
    </ClCompile>
    <ClCompile Include="game\map\map_instance.cpp">
      <Filter>game\map</Filter>
    </ClCompile>
    <ClCompile Include="managers\game_job_queue\game_character_moving_queue.cpp">
      <Filter>managers\game_job_queue</Filter>
    </ClCompile>
    <ClCompile Include="game\entitiy\monster\game_monster.cpp">
      <Filter>game\entity\monster</Filter>
    </ClCompile>
    <ClCompile Include="game\map\map_object\map_object.cpp">
      <Filter>game\map\map_object</Filter>
    </ClCompile>
    <ClCompile Include="game\map\map_object\xblock\map_xblock.cpp">
      <Filter>game\map\map_object\xblock</Filter>
    </ClCompile>
    <ClCompile Include="game\entitiy\monster\spawn_point\spawn_point.cpp">
      <Filter>game\entity\monster\spawn_point</Filter>
    </ClCompile>
    <ClCompile Include="game_tick\game_tick.cpp">
      <Filter>game_tick</Filter>
    </ClCompile>
    <ClCompile Include="game\entitiy\monster\states\monster_state.cpp">
      <Filter>game\entity\monster\states</Filter>
    </ClCompile>
    <ClCompile Include="game\entitiy\monster\states\monster_idle_state\monster_idle_state.cpp">
      <Filter>game\entity\monster\states\monster_idle_state</Filter>
    </ClCompile>
    <ClCompile Include="game\entitiy\monster\states\monster_walk_state\monster_walk_state.cpp">
      <Filter>game\entity\monster\states\monster_walk_state</Filter>
    </ClCompile>
    <ClCompile Include="game\entitiy\monster\states\monster_bore_state\monster_bore_state.cpp">
      <Filter>game\entity\monster\states\monster_bore_state</Filter>
    </ClCompile>
    <ClCompile Include="game\entitiy\monster\stat\monster_stat.cpp">
      <Filter>game\entity\monster\stat</Filter>
    </ClCompile>
    <ClCompile Include="game\entitiy\monster\states\monster_run_state\monster_run_state.cpp">
      <Filter>game\entity\monster\states\monster_run_state</Filter>
    </ClCompile>
    <ClCompile Include="game\entitiy\monster\states\monster_attack_a_state\monster_attack_a_state.cpp">
      <Filter>game\entity\monster\states\monster_attack_a_state</Filter>
    </ClCompile>
    <ClCompile Include="packet_handling\game_server_player_handler\game_server_player_handler.cpp">
      <Filter>packet_handling\game_server_player_handler</Filter>
    </ClCompile>
  </ItemGroup>
  <ItemGroup>
    <Filter Include="main">
      <UniqueIdentifier>{b1a49d1e-f3a5-42d2-90a7-dd97a42542e8}</UniqueIdentifier>
    </Filter>
    <Filter Include="protocol">
      <UniqueIdentifier>{6c75954c-96a9-4ef0-91e7-84eb712cfde1}</UniqueIdentifier>
    </Filter>
    <Filter Include="center_client_session">
      <UniqueIdentifier>{bc997915-a626-486b-8b57-c6732b1417af}</UniqueIdentifier>
    </Filter>
    <Filter Include="managers">
      <UniqueIdentifier>{8ab1c5e3-0f30-44c6-bd14-91b661ca27c8}</UniqueIdentifier>
    </Filter>
    <Filter Include="managers\auth_manager">
      <UniqueIdentifier>{3e9791af-144a-4d1e-ab9f-107f36c9982a}</UniqueIdentifier>
    </Filter>
    <Filter Include="packet_handling">
      <UniqueIdentifier>{345b1ad6-c76c-4119-bab7-2c43f0d3c66a}</UniqueIdentifier>
    </Filter>
    <Filter Include="packet_handling\game_center_client_handler">
      <UniqueIdentifier>{5c45f538-5f25-4151-8943-1e1d9f48ba43}</UniqueIdentifier>
    </Filter>
    <Filter Include="managers\game_job_queue">
      <UniqueIdentifier>{3362fc81-01a6-4303-b3f1-487741740da9}</UniqueIdentifier>
    </Filter>
    <Filter Include="game">
      <UniqueIdentifier>{782bb276-cb73-4807-8753-ea156ae13e68}</UniqueIdentifier>
    </Filter>
    <Filter Include="game\entity">
      <UniqueIdentifier>{63151c8e-6086-429f-9624-d89a0bff2ebc}</UniqueIdentifier>
    </Filter>
    <Filter Include="game\entity\character">
      <UniqueIdentifier>{244ec12e-e1ad-404d-9cf9-45b3f819c4c4}</UniqueIdentifier>
    </Filter>
    <Filter Include="game\loader">
      <UniqueIdentifier>{5b61b399-4ce0-4c40-b395-c3518d82b3f7}</UniqueIdentifier>
    </Filter>
    <Filter Include="game\entity\character\information_collection">
      <UniqueIdentifier>{2f06c78c-5776-49f9-a860-bd54b43725ea}</UniqueIdentifier>
    </Filter>
    <Filter Include="game\entity\character\information_collection\stats">
      <UniqueIdentifier>{2fc8ba75-4adb-4296-990f-2656a8e2f3d9}</UniqueIdentifier>
    </Filter>
    <Filter Include="managers\character_info_manager">
      <UniqueIdentifier>{9ecdda69-290b-4db1-817a-72c39a1dd9dd}</UniqueIdentifier>
    </Filter>
    <Filter Include="game\entity\character\information_collection\inventorys">
      <UniqueIdentifier>{ba9fe76c-8922-4c0e-8edc-93f9c0cbcecf}</UniqueIdentifier>
    </Filter>
    <Filter Include="game\map">
      <UniqueIdentifier>{1623921c-3122-47e8-aec2-9846877bd68b}</UniqueIdentifier>
    </Filter>
    <Filter Include="game_session">
      <UniqueIdentifier>{2b189cef-e701-4278-80ff-b5de4914219d}</UniqueIdentifier>
    </Filter>
    <Filter Include="game\entity\monster">
      <UniqueIdentifier>{86dabb16-5daf-47dc-a8e7-f7706fb91a57}</UniqueIdentifier>
    </Filter>
    <Filter Include="game\map\map_object">
      <UniqueIdentifier>{cb19a3d4-a970-4860-875b-972da3e8d864}</UniqueIdentifier>
    </Filter>
    <Filter Include="game\map\map_object\xblock">
      <UniqueIdentifier>{6ca9dda0-4d42-4d03-a9d8-9b9f3175c590}</UniqueIdentifier>
    </Filter>
    <Filter Include="game\entity\monster\spawn_point">
      <UniqueIdentifier>{e7e8528a-b260-4093-bbd4-473c80adc99f}</UniqueIdentifier>
    </Filter>
    <Filter Include="game_tick">
      <UniqueIdentifier>{ef7a394c-1583-42d7-a953-b7d530bd7088}</UniqueIdentifier>
    </Filter>
    <Filter Include="game\entity\monster\states">
      <UniqueIdentifier>{a83e5345-ceb1-47ff-9304-1f05524ec9da}</UniqueIdentifier>
    </Filter>
    <Filter Include="game\entity\monster\states\monster_idle_state">
      <UniqueIdentifier>{6a87d425-ce68-4e92-9f0d-30e6b1b81b93}</UniqueIdentifier>
    </Filter>
    <Filter Include="game\entity\monster\states\monster_walk_state">
      <UniqueIdentifier>{a42156c5-8c85-4aaf-9256-181c3bf17c65}</UniqueIdentifier>
    </Filter>
    <Filter Include="game\entity\monster\states\monster_bore_state">
      <UniqueIdentifier>{8c5f357b-afc0-4156-bf34-45053741cd54}</UniqueIdentifier>
    </Filter>
    <Filter Include="game\entity\monster\stat">
      <UniqueIdentifier>{f7584287-1763-4390-bd13-3f5a757a7c23}</UniqueIdentifier>
    </Filter>
    <Filter Include="game\entity\monster\states\monster_run_state">
      <UniqueIdentifier>{d43699d0-7cb5-46f4-b81f-cf74929f9872}</UniqueIdentifier>
    </Filter>
    <Filter Include="game\entity\monster\states\monster_attack_a_state">
      <UniqueIdentifier>{786b7b73-b1ae-465a-af05-191872ef0800}</UniqueIdentifier>
    </Filter>
    <Filter Include="packet_handling\game_server_player_handler">
      <UniqueIdentifier>{5e8de27e-5142-41b2-861d-f8cde79feb05}</UniqueIdentifier>
    </Filter>
  </ItemGroup>
  <ItemGroup>
    <ClInclude Include="game_server_pch.h">
      <Filter>main</Filter>
    </ClInclude>
    <ClInclude Include="game_session\game_session.h">
      <Filter>game_session</Filter>
    </ClInclude>
    <ClInclude Include="game_session\game_session_manager.h">
      <Filter>game_session</Filter>
    </ClInclude>
    <ClInclude Include="game_session\game_client_packet_handler.h">
      <Filter>game_session</Filter>
    </ClInclude>
    <ClInclude Include="protocol\game_enum.pb.h">
      <Filter>protocol</Filter>
    </ClInclude>
    <ClInclude Include="protocol\game_protocol.pb.h">
      <Filter>protocol</Filter>
    </ClInclude>
    <ClInclude Include="protocol\game_struct.pb.h">
      <Filter>protocol</Filter>
    </ClInclude>
    <ClInclude Include="game_server.h">
      <Filter>main</Filter>
    </ClInclude>
    <ClInclude Include="protocol\center_login_struct.pb.h">
      <Filter>protocol</Filter>
    </ClInclude>
    <ClInclude Include="protocol\center_login_enum.pb.h">
      <Filter>protocol</Filter>
    </ClInclude>
    <ClInclude Include="protocol\center_login_protocol.pb.h">
      <Filter>protocol</Filter>
    </ClInclude>
    <ClInclude Include="center_client_session\center_login_server_packet_handler.h">
      <Filter>center_client_session</Filter>
    </ClInclude>
    <ClInclude Include="center_client_session\center_client_session.h">
      <Filter>center_client_session</Filter>
    </ClInclude>
    <ClInclude Include="managers\auth_manager\game_auth_manager.h">
      <Filter>managers\auth_manager</Filter>
    </ClInclude>
    <ClInclude Include="packet_handling\game_center_client_handler\game_center_client_handler.h">
      <Filter>packet_handling\game_center_client_handler</Filter>
    </ClInclude>
    <ClInclude Include="packet_handling\game_center_client_handler\game_center_client_handler_manager.h">
      <Filter>packet_handling\game_center_client_handler</Filter>
    </ClInclude>
    <ClInclude Include="managers\game_job_queue\game_character_load_queue.h">
      <Filter>managers\game_job_queue</Filter>
    </ClInclude>
    <ClInclude Include="game\entitiy\character\game_character.h">
      <Filter>game\entity\character</Filter>
    </ClInclude>
    <ClInclude Include="game\entitiy\game_entity.h">
      <Filter>game\entity</Filter>
    </ClInclude>
    <ClInclude Include="game\loader\loader.h">
      <Filter>game\loader</Filter>
    </ClInclude>
    <ClInclude Include="game\entitiy\character\information_collection\stats\statistic.h">
      <Filter>game\entity\character\information_collection\stats</Filter>
    </ClInclude>
    <ClInclude Include="game\entitiy\character\information_collection\base_info.h">
      <Filter>game\entity\character\information_collection</Filter>
    </ClInclude>
    <ClInclude Include="managers\character_info_manager\character_info_storage_manager.h">
      <Filter>managers\character_info_manager</Filter>
    </ClInclude>
    <ClInclude Include="managers\character_info_manager\character_info_storage.h">
      <Filter>managers\character_info_manager</Filter>
    </ClInclude>
    <ClInclude Include="game\entitiy\character\information_collection\inventorys\inventorys.h">
      <Filter>game\entity\character\information_collection\inventorys</Filter>
    </ClInclude>
    <ClInclude Include="game\entitiy\character\information_collection\inventorys\inventory.h">
      <Filter>game\entity\character\information_collection\inventorys</Filter>
    </ClInclude>
    <ClInclude Include="game\map\map_manager.h">
      <Filter>game\map</Filter>
    </ClInclude>
    <ClInclude Include="game\map\map_instance.h">
      <Filter>game\map</Filter>
    </ClInclude>
    <ClInclude Include="game_defines.h">
      <Filter>main</Filter>
    </ClInclude>
    <ClInclude Include="managers\game_job_queue\game_character_moving_queue.h">
      <Filter>managers\game_job_queue</Filter>
    </ClInclude>
    <ClInclude Include="game\entitiy\monster\game_monster.h">
      <Filter>game\entity\monster</Filter>
    </ClInclude>
    <ClInclude Include="game\map\map_object\map_object.h">
      <Filter>game\map\map_object</Filter>
    </ClInclude>
    <ClInclude Include="game\map\map_object\xblock\map_xblock.h">
      <Filter>game\map\map_object\xblock</Filter>
    </ClInclude>
    <ClInclude Include="game\entitiy\monster\spawn_point\spawn_point.h">
      <Filter>game\entity\monster\spawn_point</Filter>
    </ClInclude>
    <ClInclude Include="game_tick\game_tick.h">
      <Filter>game_tick</Filter>
    </ClInclude>
    <ClInclude Include="game\entitiy\monster\states\monster_state.h">
      <Filter>game\entity\monster\states</Filter>
    </ClInclude>
    <ClInclude Include="game\entitiy\monster\states\monster_idle_state\monster_idle_state.h">
      <Filter>game\entity\monster\states\monster_idle_state</Filter>
    </ClInclude>
    <ClInclude Include="game\entitiy\monster\states\monster_walk_state\monster_walk_state.h">
      <Filter>game\entity\monster\states\monster_walk_state</Filter>
    </ClInclude>
    <ClInclude Include="game\entitiy\monster\states\monster_bore_state\monster_bore_state.h">
      <Filter>game\entity\monster\states\monster_bore_state</Filter>
    </ClInclude>
    <ClInclude Include="game\entitiy\monster\stat\monster_stat.h">
      <Filter>game\entity\monster\stat</Filter>
    </ClInclude>
    <ClInclude Include="game\entitiy\monster\states\monster_run_state\monster_run_state.h">
      <Filter>game\entity\monster\states\monster_run_state</Filter>
    </ClInclude>
    <ClInclude Include="game\entitiy\monster\states\monster_attack_a_state\monster_attack_a_state.h">
      <Filter>game\entity\monster\states\monster_attack_a_state</Filter>
    </ClInclude>
    <ClInclude Include="packet_handling\game_server_player_handler\game_server_player_handler.h">
      <Filter>packet_handling\game_server_player_handler</Filter>
    </ClInclude>
  </ItemGroup>
  <ItemGroup>
    <None Include="..\..\Common\Protobuf\game_server_potobuf\game_enum.proto">
      <Filter>protocol</Filter>
    </None>
    <None Include="..\..\Common\Protobuf\game_server_potobuf\gen_packet.bat">
      <Filter>protocol</Filter>
    </None>
    <None Include="..\..\Common\Protobuf\game_server_potobuf\GenPackets.exe">
      <Filter>protocol</Filter>
    </None>
    <None Include="..\..\Common\Protobuf\game_server_potobuf\protoc.exe">
      <Filter>protocol</Filter>
    </None>
    <None Include="..\..\Common\Protobuf\game_server_potobuf\game_protocol.proto">
      <Filter>protocol</Filter>
    </None>
    <None Include="..\..\Common\Protobuf\game_server_potobuf\game_struct.proto">
      <Filter>protocol</Filter>
    </None>
  </ItemGroup>
</Project>