<?xml version="1.0" encoding="utf-8"?>
<Project ToolsVersion="4.0" xmlns="http://schemas.microsoft.com/developer/msbuild/2003">
  <ItemGroup>
    <ClInclude Include="main.h">
      <Filter>default</Filter>
    </ClInclude>
    <ClInclude Include="c_pch.h">
      <Filter>default</Filter>
    </ClInclude>
    <ClInclude Include="resource.h">
      <Filter>default</Filter>
    </ClInclude>
    <ClInclude Include="client_pch.h">
      <Filter>default</Filter>
    </ClInclude>
    <ClInclude Include="src\main\main_app.h">
      <Filter>main</Filter>
    </ClInclude>
    <ClInclude Include="src\game_object\back_ground\back_ground.h">
      <Filter>game_object\back_ground</Filter>
    </ClInclude>
    <ClInclude Include="src\game_object\camera\camera_free.h">
      <Filter>game_object\camera</Filter>
    </ClInclude>
    <ClInclude Include="src\game_object\player\player.h">
      <Filter>game_object\player</Filter>
    </ClInclude>
    <ClInclude Include="client_defines.h">
      <Filter>default</Filter>
    </ClInclude>
    <ClInclude Include="src\game_object\sky\sky.h">
      <Filter>game_object\sky</Filter>
    </ClInclude>
    <ClInclude Include="src\scene\game_play\game_play.h">
      <Filter>scene\game_play</Filter>
    </ClInclude>
    <ClInclude Include="src\scene\logo\scene_logo.h">
      <Filter>scene\logo</Filter>
    </ClInclude>
    <ClInclude Include="src\scene\loading\loader\loading.h">
      <Filter>scene\loading\loader</Filter>
    </ClInclude>
    <ClInclude Include="src\game_object\terrain\terrain.h">
      <Filter>game_object\terrain</Filter>
    </ClInclude>
    <ClInclude Include="src\game_object\effect\effect.h">
      <Filter>game_object\effect</Filter>
    </ClInclude>
    <ClInclude Include="src\game_object\ui\ui.h">
      <Filter>game_object\ui</Filter>
    </ClInclude>
    <ClInclude Include="src\game_object\ui\login\text_box_ui.h">
      <Filter>game_object\ui\login</Filter>
    </ClInclude>
    <ClInclude Include="src\scene\loading\scene_loading.h">
      <Filter>scene\loading</Filter>
    </ClInclude>
    <ClInclude Include="src\network\server_session.h">
      <Filter>network</Filter>
    </ClInclude>
    <ClInclude Include="src\network\send_manager.h">
      <Filter>network</Filter>
    </ClInclude>
    <ClInclude Include="src\common\xml\map_parser.h">
      <Filter>common\xml</Filter>
    </ClInclude>
    <ClInclude Include="src\game_object\map\map_instance.h">
      <Filter>game_object\map</Filter>
    </ClInclude>
    <ClInclude Include="src\game_object\map\cube\map_object.h">
      <Filter>game_object\map\object</Filter>
    </ClInclude>
    <ClInclude Include="src\game_object\map\map_manager.h">
      <Filter>game_object\map</Filter>
    </ClInclude>
    <ClInclude Include="src\scene\logo\login_manager\login_job_queue.h">
      <Filter>scene\logo\login_manager</Filter>
    </ClInclude>
    <ClInclude Include="src\scene\logo\login_manager\login_manager.h">
      <Filter>scene\logo\login_manager</Filter>
    </ClInclude>
    <ClInclude Include="src\scene\character_select\character_select.h">
      <Filter>scene\character_select</Filter>
    </ClInclude>
    <ClInclude Include="src\game_object\fittingdoll\fittingdoll.h">
      <Filter>game_object\fittingdoll</Filter>
    </ClInclude>
    <ClInclude Include="src\game_object\ui\character_select\character_select_ui.h">
      <Filter>game_object\ui\character_select</Filter>
    </ClInclude>
    <ClInclude Include="src\game_object\item\item.h">
      <Filter>game_object\item</Filter>
    </ClInclude>
    <ClInclude Include="src\game_object\ui\character_select\character_select_item.h">
      <Filter>game_object\ui\character_select</Filter>
    </ClInclude>
    <ClInclude Include="src\game_object\ui\character_select\character_create_btn.h">
      <Filter>game_object\ui\character_select</Filter>
    </ClInclude>
    <ClInclude Include="src\game_object\ui\character_select\character_create\character_job_btn.h">
      <Filter>game_object\ui\character_select\character_create</Filter>
    </ClInclude>
    <ClInclude Include="src\game_object\ui\character_select\character_create\character_create_job_btn.h">
      <Filter>game_object\ui\character_select\character_create</Filter>
    </ClInclude>
    <ClInclude Include="src\game_object\ui\character_select\character_beauty\character_beauty_ui.h">
      <Filter>game_object\ui\character_select\character_beauty</Filter>
    </ClInclude>
    <ClInclude Include="src\game_object\ui\character_select\character_beauty\character_beauty_select_sex.h">
      <Filter>game_object\ui\character_select\character_beauty</Filter>
    </ClInclude>
    <ClInclude Include="src\game_object\ui\character_select\character_beauty\item_list\character_beauty_item_list.h">
      <Filter>game_object\ui\character_select\character_beauty\item_list</Filter>
    </ClInclude>
    <ClInclude Include="src\game_object\ui\character_select\character_beauty\item_list\character_item.h">
      <Filter>game_object\ui\character_select\character_beauty\item_list</Filter>
    </ClInclude>
    <ClInclude Include="src\game_object\coat\coat.h">
      <Filter>game_object\coat</Filter>
    </ClInclude>
    <ClInclude Include="src\game_object\pants\pants.h">
      <Filter>game_object\pants</Filter>
    </ClInclude>
    <ClInclude Include="character_create_return_btn.h">
      <Filter>game_object\ui\character_select\character_beauty\item_list</Filter>
    </ClInclude>
    <ClInclude Include="src\game_object\ui\character_select\character_beauty\character_create_name_btn.h">
      <Filter>game_object\ui\character_select\character_beauty</Filter>
    </ClInclude>
    <ClInclude Include="src\game_object\ui\character_select\character_beauty\character_create_name_popup.h">
      <Filter>game_object\ui\character_select\character_beauty</Filter>
    </ClInclude>
    <ClInclude Include="src\game_object\equipped\equipped.h">
      <Filter>game_object\equipped</Filter>
    </ClInclude>
    <ClInclude Include="src\managers\characters_manager\characters_manager.h">
      <Filter>managers\characters_manager</Filter>
    </ClInclude>
    <ClInclude Include="src\managers\characters_manager\character.h">
      <Filter>managers\characters_manager</Filter>
    </ClInclude>
    <ClInclude Include="src\game_object\ui\character_select\character_ok_btn.h">
      <Filter>game_object\ui\character_select</Filter>
    </ClInclude>
    <ClInclude Include="src\network\game_server_packet_handler.h">
      <Filter>network</Filter>
    </ClInclude>
    <ClInclude Include="protocol\game_struct.pb.h">
      <Filter>protocol</Filter>
    </ClInclude>
    <ClInclude Include="protocol\game_enum.pb.h">
      <Filter>protocol</Filter>
    </ClInclude>
    <ClInclude Include="protocol\game_protocol.pb.h">
      <Filter>protocol</Filter>
    </ClInclude>
    <ClInclude Include="src\network\login_server_packet_handler.h">
      <Filter>network</Filter>
    </ClInclude>
    <ClInclude Include="protocol\login_enum.pb.h">
      <Filter>protocol</Filter>
    </ClInclude>
    <ClInclude Include="protocol\login_protocol.pb.h">
      <Filter>protocol</Filter>
    </ClInclude>
    <ClInclude Include="protocol\login_struct.pb.h">
      <Filter>protocol</Filter>
    </ClInclude>
    <ClInclude Include="src\scene\game_init\game_init.h">
      <Filter>scene\game_init</Filter>
    </ClInclude>
    <ClInclude Include="src\game_job_queue\game_logic_queue.h">
      <Filter>game_job_queue</Filter>
    </ClInclude>
    <ClInclude Include="src\game_object\camera\ingame_camera.h">
      <Filter>game_object\camera</Filter>
    </ClInclude>
    <ClInclude Include="src\game_object\player\states\idle_state\idle_state.h">
      <Filter>game_object\player\states\idle_state</Filter>
    </ClInclude>
    <ClInclude Include="src\game_object\player\states\move_state\move_state.h">
      <Filter>game_object\player\states\move_state</Filter>
    </ClInclude>
    <ClInclude Include="src\game_object\player\states\character_state.h">
      <Filter>game_object\player\states</Filter>
    </ClInclude>
    <ClInclude Include="src\game_object\player\states\jump_state\jump_state.h">
      <Filter>game_object\player\states\jump_state</Filter>
    </ClInclude>
    <ClInclude Include="src\game_object\user\user.h">
      <Filter>game_object\user</Filter>
    </ClInclude>
    <ClInclude Include="src\game_object\ui\player_info\player_info.h">
      <Filter>game_object\ui\player_info</Filter>
    </ClInclude>
    <ClInclude Include="src\managers\character_stat\character_stat.h">
      <Filter>managers\character_stat</Filter>
    </ClInclude>
    <ClInclude Include="src\game_object\monster\monster.h">
      <Filter>game_object\monster</Filter>
    </ClInclude>
    <ClInclude Include="src\game_object\monster\stats\monster_stats.h">
      <Filter>game_object\monster\stats</Filter>
    </ClInclude>
  </ItemGroup>
  <ItemGroup>
    <ClCompile Include="main.cpp">
      <Filter>default</Filter>
    </ClCompile>
    <ClCompile Include="c_pch.cpp">
      <Filter>default</Filter>
    </ClCompile>
    <ClCompile Include="src\main\main_app.cpp">
      <Filter>main</Filter>
    </ClCompile>
    <ClCompile Include="src\game_object\back_ground\back_ground.cpp">
      <Filter>game_object\back_ground</Filter>
    </ClCompile>
    <ClCompile Include="src\game_object\camera\camera_free.cpp">
      <Filter>game_object\camera</Filter>
    </ClCompile>
    <ClCompile Include="src\game_object\player\player.cpp">
      <Filter>game_object\player</Filter>
    </ClCompile>
    <ClCompile Include="src\game_object\sky\sky.cpp">
      <Filter>game_object\sky</Filter>
    </ClCompile>
    <ClCompile Include="client_pch.cpp">
      <Filter>default</Filter>
    </ClCompile>
    <ClCompile Include="src\scene\game_play\game_play.cpp">
      <Filter>scene\game_play</Filter>
    </ClCompile>
    <ClCompile Include="src\scene\logo\scene_logo.cpp">
      <Filter>scene\logo</Filter>
    </ClCompile>
    <ClCompile Include="src\scene\loading\scene_loading.cpp">
      <Filter>scene\loading</Filter>
    </ClCompile>
    <ClCompile Include="src\scene\loading\loader\loading.cpp">
      <Filter>scene\loading\loader</Filter>
    </ClCompile>
    <ClCompile Include="src\game_object\terrain\terrain.cpp">
      <Filter>game_object\terrain</Filter>
    </ClCompile>
    <ClCompile Include="src\game_object\effect\effect.cpp">
      <Filter>game_object\effect</Filter>
    </ClCompile>
    <ClCompile Include="src\game_object\ui\ui.cpp">
      <Filter>game_object\ui</Filter>
    </ClCompile>
    <ClCompile Include="src\game_object\ui\login\text_box_ui.cpp">
      <Filter>game_object\ui\login</Filter>
    </ClCompile>
    <ClCompile Include="src\network\login_server_packet_handler.cpp">
      <Filter>network</Filter>
    </ClCompile>
    <ClCompile Include="src\network\send_manager.cpp">
      <Filter>network</Filter>
    </ClCompile>
    <ClCompile Include="src\network\server_session.cpp">
      <Filter>network</Filter>
    </ClCompile>
    <ClCompile Include="src\common\xml\map_parser.cpp">
      <Filter>common\xml</Filter>
    </ClCompile>
    <ClCompile Include="src\game_object\map\map_instance.cpp">
      <Filter>game_object\map</Filter>
    </ClCompile>
    <ClCompile Include="src\game_object\map\cube\map_object.cpp">
      <Filter>game_object\map\object</Filter>
    </ClCompile>
    <ClCompile Include="src\game_object\map\map_manager.cpp">
      <Filter>game_object\map</Filter>
    </ClCompile>
    <ClCompile Include="src\scene\logo\login_manager\login_job_queue.cpp">
      <Filter>scene\logo\login_manager</Filter>
    </ClCompile>
    <ClCompile Include="src\scene\logo\login_manager\login_manager.cpp">
      <Filter>scene\logo\login_manager</Filter>
    </ClCompile>
    <ClCompile Include="src\scene\character_select\character_select.cpp">
      <Filter>scene\character_select</Filter>
    </ClCompile>
    <ClCompile Include="src\game_object\fittingdoll\fittingdoll.cpp">
      <Filter>game_object\fittingdoll</Filter>
    </ClCompile>
    <ClCompile Include="src\game_object\ui\character_select\character_select_ui.cpp">
      <Filter>game_object\ui\character_select</Filter>
    </ClCompile>
    <ClCompile Include="src\game_object\item\item.cpp">
      <Filter>game_object\item</Filter>
    </ClCompile>
    <ClCompile Include="src\game_object\ui\character_select\character_select_item.cpp">
      <Filter>game_object\ui\character_select</Filter>
    </ClCompile>
    <ClCompile Include="src\game_object\ui\character_select\character_create_btn.cpp">
      <Filter>game_object\ui\character_select</Filter>
    </ClCompile>
    <ClCompile Include="src\game_object\ui\character_select\character_create\character_job_btn.cpp">
      <Filter>game_object\ui\character_select\character_create</Filter>
    </ClCompile>
    <ClCompile Include="src\game_object\ui\character_select\character_create\character_create_job_btn.cpp">
      <Filter>game_object\ui\character_select\character_create</Filter>
    </ClCompile>
    <ClCompile Include="src\game_object\ui\character_select\character_beauty\character_beauty_ui.cpp">
      <Filter>game_object\ui\character_select\character_beauty</Filter>
    </ClCompile>
    <ClCompile Include="src\game_object\ui\character_select\character_beauty\character_beauty_select_sex.cpp">
      <Filter>game_object\ui\character_select\character_beauty</Filter>
    </ClCompile>
    <ClCompile Include="src\game_object\ui\character_select\character_beauty\item_list\character_beauty_item_list.cpp">
      <Filter>game_object\ui\character_select\character_beauty\item_list</Filter>
    </ClCompile>
    <ClCompile Include="src\game_object\ui\character_select\character_beauty\item_list\character_item.cpp">
      <Filter>game_object\ui\character_select\character_beauty\item_list</Filter>
    </ClCompile>
    <ClCompile Include="src\game_object\coat\coat.cpp">
      <Filter>game_object\coat</Filter>
    </ClCompile>
    <ClCompile Include="src\game_object\pants\pants.cpp">
      <Filter>game_object\pants</Filter>
    </ClCompile>
    <ClCompile Include="character_create_return_btn.cpp">
      <Filter>game_object\ui\character_select\character_beauty\item_list</Filter>
    </ClCompile>
    <ClCompile Include="src\game_object\ui\character_select\character_beauty\character_create_name_btn.cpp">
      <Filter>game_object\ui\character_select\character_beauty</Filter>
    </ClCompile>
    <ClCompile Include="src\game_object\ui\character_select\character_beauty\character_create_name_popup.cpp">
      <Filter>game_object\ui\character_select\character_beauty</Filter>
    </ClCompile>
    <ClCompile Include="src\game_object\equipped\equipped.cpp">
      <Filter>game_object\equipped</Filter>
    </ClCompile>
    <ClCompile Include="src\managers\characters_manager\characters_manager.cpp">
      <Filter>managers\characters_manager</Filter>
    </ClCompile>
    <ClCompile Include="src\managers\characters_manager\character.cpp">
      <Filter>managers\characters_manager</Filter>
    </ClCompile>
    <ClCompile Include="src\game_object\ui\character_select\character_ok_btn.cpp">
      <Filter>game_object\ui\character_select</Filter>
    </ClCompile>
    <ClCompile Include="src\network\game_server_packet_handler.cpp">
      <Filter>network</Filter>
    </ClCompile>
    <ClCompile Include="protocol\game_enum.pb.cc">
      <Filter>protocol</Filter>
    </ClCompile>
    <ClCompile Include="protocol\game_protocol.pb.cc">
      <Filter>protocol</Filter>
    </ClCompile>
    <ClCompile Include="protocol\game_struct.pb.cc">
      <Filter>protocol</Filter>
    </ClCompile>
    <ClCompile Include="protocol\login_enum.pb.cc">
      <Filter>protocol</Filter>
    </ClCompile>
    <ClCompile Include="protocol\login_protocol.pb.cc">
      <Filter>protocol</Filter>
    </ClCompile>
    <ClCompile Include="protocol\login_struct.pb.cc">
      <Filter>protocol</Filter>
    </ClCompile>
    <ClCompile Include="src\scene\game_init\game_init.cpp">
      <Filter>scene\game_init</Filter>
    </ClCompile>
    <ClCompile Include="src\game_job_queue\game_logic_queue.cpp">
      <Filter>game_job_queue</Filter>
    </ClCompile>
    <ClCompile Include="src\game_object\camera\ingame_camera.cpp">
      <Filter>game_object\camera</Filter>
    </ClCompile>
    <ClCompile Include="src\game_object\player\states\idle_state\idle_state.cpp">
      <Filter>game_object\player\states\idle_state</Filter>
    </ClCompile>
    <ClCompile Include="src\game_object\player\states\move_state\move_state.cpp">
      <Filter>game_object\player\states\move_state</Filter>
    </ClCompile>
    <ClCompile Include="src\game_object\player\states\character_state.cpp">
      <Filter>game_object\player\states</Filter>
    </ClCompile>
    <ClCompile Include="src\game_object\player\states\jump_state\jump_state.cpp">
      <Filter>game_object\player\states\jump_state</Filter>
    </ClCompile>
    <ClCompile Include="src\game_object\user\user.cpp">
      <Filter>game_object\user</Filter>
    </ClCompile>
    <ClCompile Include="src\game_object\ui\player_info\player_info.cpp">
      <Filter>game_object\ui\player_info</Filter>
    </ClCompile>
    <ClCompile Include="src\managers\character_stat\character_stat.cpp">
      <Filter>managers\character_stat</Filter>
    </ClCompile>
    <ClCompile Include="src\game_object\monster\monster.cpp">
      <Filter>game_object\monster</Filter>
    </ClCompile>
    <ClCompile Include="src\game_object\monster\stats\monster_stats.cpp">
      <Filter>game_object\monster\stats</Filter>
    </ClCompile>
  </ItemGroup>
  <ItemGroup>
    <Image Include="maplestory2.ico">
      <Filter>default</Filter>
    </Image>
    <Image Include="small.ico">
      <Filter>default</Filter>
    </Image>
  </ItemGroup>
  <ItemGroup>
    <Filter Include="default">
      <UniqueIdentifier>{72b588c0-a747-4d7e-ba5e-a86566f3c049}</UniqueIdentifier>
    </Filter>
    <Filter Include="main">
      <UniqueIdentifier>{393f02dd-9429-41e5-8139-1580d55a905c}</UniqueIdentifier>
    </Filter>
    <Filter Include="scene">
      <UniqueIdentifier>{3f55790a-dca8-44e3-9ffd-17ffa8b11c4e}</UniqueIdentifier>
    </Filter>
    <Filter Include="scene\logo">
      <UniqueIdentifier>{a2a8ed55-74ae-4236-ba43-3642985aa1df}</UniqueIdentifier>
    </Filter>
    <Filter Include="game_object">
      <UniqueIdentifier>{eacb8eca-3aeb-4208-b1c5-e59b37b6b137}</UniqueIdentifier>
    </Filter>
    <Filter Include="game_object\back_ground">
      <UniqueIdentifier>{ea1aa0ff-290c-4daa-8893-d8e9581081d7}</UniqueIdentifier>
    </Filter>
    <Filter Include="game_object\camera">
      <UniqueIdentifier>{64134b76-fb4b-4e7b-8779-0b9c00c2edae}</UniqueIdentifier>
    </Filter>
    <Filter Include="game_object\player">
      <UniqueIdentifier>{86ca4e56-8e2d-40c6-9ff9-27442e9e30fc}</UniqueIdentifier>
    </Filter>
    <Filter Include="game_object\sky">
      <UniqueIdentifier>{3a33c32e-2620-408b-be5a-10a99ad98e12}</UniqueIdentifier>
    </Filter>
    <Filter Include="game_object\monster">
      <UniqueIdentifier>{50f2c009-c433-41d2-8282-235b9885b6e2}</UniqueIdentifier>
    </Filter>
    <Filter Include="shader_files">
      <UniqueIdentifier>{582c4967-c54f-4a5f-842c-fbce5d31e264}</UniqueIdentifier>
    </Filter>
    <Filter Include="scene\loading">
      <UniqueIdentifier>{d16c21b9-2fab-45c9-a8ed-ea01ff67902b}</UniqueIdentifier>
    </Filter>
    <Filter Include="scene\loading\loader">
      <UniqueIdentifier>{d24418da-da35-4fd5-8470-b084a38860f7}</UniqueIdentifier>
    </Filter>
    <Filter Include="scene\game_play">
      <UniqueIdentifier>{3324abf2-dd1f-4ea0-a15a-f41e70a6e3b9}</UniqueIdentifier>
    </Filter>
    <Filter Include="game_object\terrain">
      <UniqueIdentifier>{023a3bd1-a4bc-47f3-9fb9-5fcd629a3dbc}</UniqueIdentifier>
    </Filter>
    <Filter Include="game_object\effect">
      <UniqueIdentifier>{658f4ca2-a249-4d08-88d6-20bdcd7f13e2}</UniqueIdentifier>
    </Filter>
    <Filter Include="game_object\ui">
      <UniqueIdentifier>{cdb1de50-a467-457a-9a6f-7dfd0f7867e0}</UniqueIdentifier>
    </Filter>
    <Filter Include="game_object\ui\login">
      <UniqueIdentifier>{a3a27b9f-89ab-46ac-b0b9-2f00d169f850}</UniqueIdentifier>
    </Filter>
    <Filter Include="network">
      <UniqueIdentifier>{c7aae913-0039-48c7-a0a7-9298e8411948}</UniqueIdentifier>
    </Filter>
    <Filter Include="protocol">
      <UniqueIdentifier>{fa70be99-5406-4d8e-ba98-14ed7ece0f7c}</UniqueIdentifier>
    </Filter>
    <Filter Include="common">
      <UniqueIdentifier>{22d8bb07-b733-4bb1-8e46-e79e6c19afd5}</UniqueIdentifier>
    </Filter>
    <Filter Include="common\xml">
      <UniqueIdentifier>{55084123-7946-46bf-8ae0-2b6613fc5d65}</UniqueIdentifier>
    </Filter>
    <Filter Include="game_object\map">
      <UniqueIdentifier>{965e74a5-41aa-4761-a1d7-ec5ded897c36}</UniqueIdentifier>
    </Filter>
    <Filter Include="game_object\map\object">
      <UniqueIdentifier>{19cdd32a-0344-4d17-a50d-6ac19c61584d}</UniqueIdentifier>
    </Filter>
    <Filter Include="scene\character_select">
      <UniqueIdentifier>{364815ed-43a9-4dea-9dbc-1e291658689a}</UniqueIdentifier>
    </Filter>
    <Filter Include="scene\logo\login_manager">
      <UniqueIdentifier>{886dd815-adf9-4f6f-b5e2-4575d80febc4}</UniqueIdentifier>
    </Filter>
    <Filter Include="game_object\fittingdoll">
      <UniqueIdentifier>{e8f047e4-fde6-47de-a8aa-cf65f4992d2c}</UniqueIdentifier>
    </Filter>
    <Filter Include="game_object\ui\character_select">
      <UniqueIdentifier>{2e1450df-eb4b-428a-b2b2-566db69c3157}</UniqueIdentifier>
    </Filter>
    <Filter Include="game_object\item">
      <UniqueIdentifier>{15752a2b-92cd-441a-a277-8054aca0a25f}</UniqueIdentifier>
    </Filter>
    <Filter Include="game_object\ui\character_select\character_create">
      <UniqueIdentifier>{ae21b8a1-975a-4fbf-b06f-c1a86deb5af4}</UniqueIdentifier>
    </Filter>
    <Filter Include="game_object\ui\character_select\character_beauty">
      <UniqueIdentifier>{b909ecc2-a3c3-40ec-8b48-fd3afb31181d}</UniqueIdentifier>
    </Filter>
    <Filter Include="game_object\ui\character_select\character_beauty\item_list">
      <UniqueIdentifier>{ade88338-c9da-4645-b84f-08bce510e908}</UniqueIdentifier>
    </Filter>
    <Filter Include="game_object\coat">
      <UniqueIdentifier>{96816cf8-b3a5-4837-995d-253afe85430d}</UniqueIdentifier>
    </Filter>
    <Filter Include="game_object\pants">
      <UniqueIdentifier>{cab5973f-784f-4ffb-94c9-1dec407a7b7a}</UniqueIdentifier>
    </Filter>
    <Filter Include="game_object\equipped">
      <UniqueIdentifier>{b4ab16d3-3e1f-4818-85d5-71d0d2210ee3}</UniqueIdentifier>
    </Filter>
    <Filter Include="managers">
      <UniqueIdentifier>{855cbbc4-d999-48f6-8f60-db3a454495d4}</UniqueIdentifier>
    </Filter>
    <Filter Include="managers\characters_manager">
      <UniqueIdentifier>{f271d54f-800f-4f8d-ba7d-a043fb40f37e}</UniqueIdentifier>
    </Filter>
    <Filter Include="scene\game_init">
      <UniqueIdentifier>{e19217e5-ac02-46ae-9d85-4bf7c880b945}</UniqueIdentifier>
    </Filter>
    <Filter Include="game_job_queue">
      <UniqueIdentifier>{0cd375a6-26ad-42de-9683-5d2c8ed35a5d}</UniqueIdentifier>
    </Filter>
    <Filter Include="game_object\player\states">
      <UniqueIdentifier>{845f50b6-febe-484c-a70a-eb51b77ed595}</UniqueIdentifier>
    </Filter>
    <Filter Include="game_object\player\states\idle_state">
      <UniqueIdentifier>{e69a1239-ab19-42df-8517-44f07810820e}</UniqueIdentifier>
    </Filter>
    <Filter Include="game_object\player\states\move_state">
      <UniqueIdentifier>{e79829ad-6185-4215-9236-07c766cebd93}</UniqueIdentifier>
    </Filter>
    <Filter Include="game_object\player\states\jump_state">
      <UniqueIdentifier>{438cfded-4bf1-4ef4-b01f-e56450042a52}</UniqueIdentifier>
    </Filter>
    <Filter Include="game_object\user">
      <UniqueIdentifier>{17922e18-722d-4824-9172-b38be65350b8}</UniqueIdentifier>
    </Filter>
    <Filter Include="game_object\ui\player_info">
      <UniqueIdentifier>{0b2c4725-384f-4418-9f16-95c47d6b5b16}</UniqueIdentifier>
    </Filter>
    <Filter Include="managers\character_stat">
      <UniqueIdentifier>{63c2c5de-1040-4b20-b690-8d0735f09732}</UniqueIdentifier>
    </Filter>
    <Filter Include="game_object\monster\stats">
      <UniqueIdentifier>{cba61391-2820-4843-ba82-d5fa0f0ce48a}</UniqueIdentifier>
    </Filter>
  </ItemGroup>
  <ItemGroup>
    <ResourceCompile Include="maplestory2.rc">
      <Filter>default</Filter>
    </ResourceCompile>
  </ItemGroup>
  <ItemGroup>
    <FxCompile Include="..\..\Binary\ShaderFiles\shader_rect.hlsl">
      <Filter>shader_files</Filter>
    </FxCompile>
    <FxCompile Include="..\..\Binary\ShaderFiles\shader_terrain.hlsl">
      <Filter>shader_files</Filter>
    </FxCompile>
    <FxCompile Include="..\..\Binary\ShaderFiles\shader_mesh.hlsl">
      <Filter>shader_files</Filter>
    </FxCompile>
    <FxCompile Include="..\..\Binary\ShaderFiles\shader_ui.hlsl">
      <Filter>shader_files</Filter>
    </FxCompile>
    <FxCompile Include="..\..\Binary\ShaderFiles\shader_ui_gage.hlsl">
      <Filter>shader_files</Filter>
    </FxCompile>
  </ItemGroup>
</Project>