<?xml version="1.0" encoding="utf-8"?>
<Project ToolsVersion="4.0" xmlns="http://schemas.microsoft.com/developer/msbuild/2003">
  <ItemGroup>
    <ClInclude Include="main.h">
      <Filter>default</Filter>
    </ClInclude>
    <ClInclude Include="pch.h">
      <Filter>default</Filter>
    </ClInclude>
    <ClInclude Include="resource.h">
      <Filter>default</Filter>
    </ClInclude>
    <ClInclude Include="client_pch.h">
      <Filter>default</Filter>
    </ClInclude>
  </ItemGroup>
  <ItemGroup>
    <ClCompile Include="main.cpp">
      <Filter>default</Filter>
    </ClCompile>
    <ClCompile Include="pch.cpp">
      <Filter>default</Filter>
    </ClCompile>
  </ItemGroup>
  <ItemGroup>
    <Image Include="maplestory2.ico">
      <Filter>default</Filter>
    </Image>
    <Image Include="small.ico">
      <Filter>default</Filter>
    </Image>
  </ItemGroup>
  <ItemGroup>
    <Filter Include="default">
      <UniqueIdentifier>{72b588c0-a747-4d7e-ba5e-a86566f3c049}</UniqueIdentifier>
    </Filter>
  </ItemGroup>
  <ItemGroup>
    <ResourceCompile Include="maplestory2.rc">
      <Filter>default</Filter>
    </ResourceCompile>
  </ItemGroup>
</Project>