<?xml version="1.0" encoding="utf-8"?>
<Project ToolsVersion="4.0" xmlns="http://schemas.microsoft.com/developer/msbuild/2003">
  <ItemGroup>
    <ClInclude Include="pch.h">
      <Filter>main</Filter>
    </ClInclude>
    <ClInclude Include="src\system\graphic\graphic_device.h">
      <Filter>system\graphic</Filter>
    </ClInclude>
    <ClInclude Include="engine_pch.h">
      <Filter>main</Filter>
    </ClInclude>
    <ClInclude Include="src\defines\engine_macro.h">
      <Filter>defines</Filter>
    </ClInclude>
    <ClInclude Include="src\defines\engine_typedef.h">
      <Filter>defines</Filter>
    </ClInclude>
    <ClInclude Include="src\defines\engine_functor.h">
      <Filter>defines</Filter>
    </ClInclude>
    <ClInclude Include="src\defines\engine_struct.h">
      <Filter>defines</Filter>
    </ClInclude>
    <ClInclude Include="src\utility\scene_utility\scene_manager.h">
      <Filter>utility\scene_utiliy</Filter>
    </ClInclude>
    <ClInclude Include="src\utility\scene_utility\scene.h">
      <Filter>utility\scene_utiliy</Filter>
    </ClInclude>
    <ClInclude Include="src\utility\game_objects\game_object.h">
      <Filter>utility\game_objects</Filter>
    </ClInclude>
    <ClInclude Include="src\utility\components\manager\component_manager.h">
      <Filter>utility\components\manager</Filter>
    </ClInclude>
    <ClInclude Include="src\utility\components\component.h">
      <Filter>utility\components</Filter>
    </ClInclude>
    <ClInclude Include="src\utility\game_objects\manager\object_manager.h">
      <Filter>utility\game_objects\manager</Filter>
    </ClInclude>
    <ClInclude Include="src\utility\game_objects\manager\layer\layer.h">
      <Filter>utility\game_objects\manager\layer</Filter>
    </ClInclude>
    <ClInclude Include="src\system\input\input_device.h">
      <Filter>system\input</Filter>
    </ClInclude>
    <ClInclude Include="src\utility\components\renderer\renderer.h">
      <Filter>utility\components\renderer</Filter>
    </ClInclude>
    <ClInclude Include="src\utility\components\transform\transform.h">
      <Filter>utility\components\transform</Filter>
    </ClInclude>
    <ClInclude Include="src\utility\components\picking\picking.h">
      <Filter>utility\components\picking</Filter>
    </ClInclude>
    <ClInclude Include="src\utility\pipe_line\pipe_line.h">
      <Filter>utility\pipe_line</Filter>
    </ClInclude>
    <ClInclude Include="src\utility\timers\timer.h">
      <Filter>utility\timers</Filter>
    </ClInclude>
    <ClInclude Include="src\utility\timers\timer_manager.h">
      <Filter>utility\timers</Filter>
    </ClInclude>
    <ClInclude Include="src\utility\game_logic_manager\game_logic_manager.h">
      <Filter>utility\game_logic_manager</Filter>
    </ClInclude>
    <ClInclude Include="src\utility\game_objects\camera\camera.h">
      <Filter>utility\game_objects\camera</Filter>
    </ClInclude>
    <ClInclude Include="src\utility\components\vi_buffer\vi_buffer.h">
      <Filter>utility\components\vi_buffer</Filter>
    </ClInclude>
    <ClInclude Include="src\utility\components\vi_buffer\vi_buffer_terrain\vi_buffer_terrain.h">
      <Filter>utility\components\vi_buffer\vi_buffer_terrain</Filter>
    </ClInclude>
    <ClInclude Include="src\utility\components\vi_buffer\vi_buffer_rect\vi_buffer_rect.h">
      <Filter>utility\components\vi_buffer\vi_buffer_rect</Filter>
    </ClInclude>
    <ClInclude Include="src\utility\components\vi_buffer\vi_buffer_cube\vi_buffer_cube.h">
      <Filter>utility\components\vi_buffer\vi_buffer_cube</Filter>
    </ClInclude>
    <ClInclude Include="src\utility\components\textures\texture.h">
      <Filter>utility\components\textures</Filter>
    </ClInclude>
    <ClInclude Include="src\utility\components\shader\shader.h">
      <Filter>utility\components\shader</Filter>
    </ClInclude>
    <ClInclude Include="src\utility\light\light_manager.h">
      <Filter>utility\light</Filter>
    </ClInclude>
    <ClInclude Include="src\utility\light\light.h">
      <Filter>utility\light</Filter>
    </ClInclude>
    <ClInclude Include="src\utility\components\meshes\mesh.h">
      <Filter>utility\components\meshes</Filter>
    </ClInclude>
    <ClInclude Include="src\utility\components\meshes\static\mesh_static.h">
      <Filter>utility\components\meshes\static</Filter>
    </ClInclude>
    <ClInclude Include="src\utility\components\meshes\dynamic\mesh_dynamic.h">
      <Filter>utility\components\meshes\dynamic</Filter>
    </ClInclude>
    <ClInclude Include="src\utility\components\meshes\dynamic\loader\hierarchy_loader.h">
      <Filter>utility\components\meshes\dynamic\loader</Filter>
    </ClInclude>
  </ItemGroup>
  <ItemGroup>
    <ClCompile Include="pch.cpp">
      <Filter>main</Filter>
    </ClCompile>
    <ClCompile Include="src\system\graphic\graphic_device.cpp">
      <Filter>system\graphic</Filter>
    </ClCompile>
    <ClCompile Include="src\utility\scene_utility\scene_manager.cpp">
      <Filter>utility\scene_utiliy</Filter>
    </ClCompile>
    <ClCompile Include="src\utility\scene_utility\scene.cpp">
      <Filter>utility\scene_utiliy</Filter>
    </ClCompile>
    <ClCompile Include="src\utility\game_objects\game_object.cpp">
      <Filter>utility\game_objects</Filter>
    </ClCompile>
    <ClCompile Include="src\utility\components\manager\component_manager.cpp">
      <Filter>utility\components\manager</Filter>
    </ClCompile>
    <ClCompile Include="src\utility\components\component.cpp">
      <Filter>utility\components</Filter>
    </ClCompile>
    <ClCompile Include="src\utility\game_objects\manager\object_manager.cpp">
      <Filter>utility\game_objects\manager</Filter>
    </ClCompile>
    <ClCompile Include="src\utility\game_objects\manager\layer\layer.cpp">
      <Filter>utility\game_objects\manager\layer</Filter>
    </ClCompile>
    <ClCompile Include="src\system\input\input_device.cpp">
      <Filter>system\input</Filter>
    </ClCompile>
    <ClCompile Include="src\utility\components\renderer\renderer.cpp">
      <Filter>utility\components\renderer</Filter>
    </ClCompile>
    <ClCompile Include="src\utility\components\transform\transform.cpp">
      <Filter>utility\components\transform</Filter>
    </ClCompile>
    <ClCompile Include="src\utility\components\picking\picking.cpp">
      <Filter>utility\components\picking</Filter>
    </ClCompile>
    <ClCompile Include="src\utility\pipe_line\pipe_line.cpp">
      <Filter>utility\pipe_line</Filter>
    </ClCompile>
    <ClCompile Include="src\utility\timers\timer.cpp">
      <Filter>utility\timers</Filter>
    </ClCompile>
    <ClCompile Include="src\utility\timers\timer_manager.cpp">
      <Filter>utility\timers</Filter>
    </ClCompile>
    <ClCompile Include="src\utility\components\shader\shader.cpp">
      <Filter>utility\components\shader</Filter>
    </ClCompile>
    <ClCompile Include="src\utility\game_logic_manager\game_logic_manager.cpp">
      <Filter>utility\game_logic_manager</Filter>
    </ClCompile>
    <ClCompile Include="src\utility\game_objects\camera\camera.cpp">
      <Filter>utility\game_objects\camera</Filter>
    </ClCompile>
    <ClCompile Include="src\utility\components\vi_buffer\vi_buffer.cpp">
      <Filter>utility\components\vi_buffer</Filter>
    </ClCompile>
    <ClCompile Include="src\utility\components\vi_buffer\vi_buffer_terrain\vi_buffer_terrain.cpp">
      <Filter>utility\components\vi_buffer\vi_buffer_terrain</Filter>
    </ClCompile>
    <ClCompile Include="src\utility\components\vi_buffer\vi_buffer_rect\vi_buffer_rect.cpp">
      <Filter>utility\components\vi_buffer\vi_buffer_rect</Filter>
    </ClCompile>
    <ClCompile Include="src\utility\components\vi_buffer\vi_buffer_cube\vi_buffer_cube.cpp">
      <Filter>utility\components\vi_buffer\vi_buffer_cube</Filter>
    </ClCompile>
    <ClCompile Include="src\utility\components\textures\texture.cpp">
      <Filter>utility\components\textures</Filter>
    </ClCompile>
    <ClCompile Include="src\utility\light\light_manager.cpp">
      <Filter>utility\light</Filter>
    </ClCompile>
    <ClCompile Include="src\utility\light\light.cpp">
      <Filter>utility\light</Filter>
    </ClCompile>
    <ClCompile Include="src\utility\components\meshes\mesh.cpp">
      <Filter>utility\components\meshes</Filter>
    </ClCompile>
    <ClCompile Include="src\utility\components\meshes\static\mesh_static.cpp">
      <Filter>utility\components\meshes\static</Filter>
    </ClCompile>
    <ClCompile Include="src\utility\components\meshes\dynamic\mesh_dynamic.cpp">
      <Filter>utility\components\meshes\dynamic</Filter>
    </ClCompile>
    <ClCompile Include="src\utility\components\meshes\dynamic\loader\hierarchy_loader.cpp">
      <Filter>utility\components\meshes\dynamic\loader</Filter>
    </ClCompile>
  </ItemGroup>
  <ItemGroup>
    <Filter Include="main">
      <UniqueIdentifier>{4e7538a3-2591-45b2-a435-e52d5dde86e9}</UniqueIdentifier>
    </Filter>
    <Filter Include="system">
      <UniqueIdentifier>{a81ff169-38eb-4d6d-b622-0a029abfb9e4}</UniqueIdentifier>
    </Filter>
    <Filter Include="system\graphic">
      <UniqueIdentifier>{782617cc-9208-46eb-99fc-28dde4d53596}</UniqueIdentifier>
    </Filter>
    <Filter Include="defines">
      <UniqueIdentifier>{333fbcb3-2752-490a-ba19-9db0765544e6}</UniqueIdentifier>
    </Filter>
    <Filter Include="utility">
      <UniqueIdentifier>{fc2c8738-2808-45ec-aac7-7417b21241eb}</UniqueIdentifier>
    </Filter>
    <Filter Include="utility\scene_utiliy">
      <UniqueIdentifier>{2c7ac76a-d3af-47c2-9c58-87379b2fb964}</UniqueIdentifier>
    </Filter>
    <Filter Include="utility\game_objects">
      <UniqueIdentifier>{4ce0ddf4-2fbc-46ad-9ca5-573c5ade6178}</UniqueIdentifier>
    </Filter>
    <Filter Include="utility\components">
      <UniqueIdentifier>{d5a20f57-b10a-4fe8-9adb-6cc6720508f7}</UniqueIdentifier>
    </Filter>
    <Filter Include="utility\components\manager">
      <UniqueIdentifier>{fdde0d8c-e4f3-4b6c-a41c-677813842040}</UniqueIdentifier>
    </Filter>
    <Filter Include="utility\game_objects\manager">
      <UniqueIdentifier>{6dab4d25-cb9d-40d8-9bd0-2e497e3c931b}</UniqueIdentifier>
    </Filter>
    <Filter Include="utility\game_objects\manager\layer">
      <UniqueIdentifier>{c56864d2-53e0-49de-a3d9-2fed9a8e326a}</UniqueIdentifier>
    </Filter>
    <Filter Include="system\input">
      <UniqueIdentifier>{64b3b286-8c36-4c8f-9f19-459457602963}</UniqueIdentifier>
    </Filter>
    <Filter Include="utility\components\renderer">
      <UniqueIdentifier>{66e63011-4fff-47aa-98c6-150427d53b06}</UniqueIdentifier>
    </Filter>
    <Filter Include="utility\components\transform">
      <UniqueIdentifier>{007be160-94ed-47a4-ab61-822a844e8da8}</UniqueIdentifier>
    </Filter>
    <Filter Include="utility\components\vi_buffer">
      <UniqueIdentifier>{8230851e-b83b-40ba-89dd-cc842f4ea967}</UniqueIdentifier>
    </Filter>
    <Filter Include="utility\components\vi_buffer\vi_buffer_rect">
      <UniqueIdentifier>{b2ab22bc-7b9d-4416-a76a-a21c1d3fd001}</UniqueIdentifier>
    </Filter>
    <Filter Include="utility\components\vi_buffer\vi_buffer_terrain">
      <UniqueIdentifier>{a4a74166-57a5-410a-9495-eab482d0a994}</UniqueIdentifier>
    </Filter>
    <Filter Include="utility\components\vi_buffer\vi_buffer_cube">
      <UniqueIdentifier>{cb31d474-30dd-4b1b-885e-1ef6bfda23ee}</UniqueIdentifier>
    </Filter>
    <Filter Include="utility\components\textures">
      <UniqueIdentifier>{30885141-d23d-40ba-b4d0-fcdbb3108d38}</UniqueIdentifier>
    </Filter>
    <Filter Include="utility\components\picking">
      <UniqueIdentifier>{82ecdf29-5376-4cee-95d8-76731115e09b}</UniqueIdentifier>
    </Filter>
    <Filter Include="utility\pipe_line">
      <UniqueIdentifier>{8ffc55c7-bb9b-419b-acc5-135829a4f771}</UniqueIdentifier>
    </Filter>
    <Filter Include="utility\timers">
      <UniqueIdentifier>{7985cbb4-ad56-43db-9529-8f6aa9d6ce29}</UniqueIdentifier>
    </Filter>
    <Filter Include="utility\components\shader">
      <UniqueIdentifier>{adbac046-a90c-4078-9a84-7d6d0b4d9356}</UniqueIdentifier>
    </Filter>
    <Filter Include="utility\game_logic_manager">
      <UniqueIdentifier>{6efdee18-51e0-4b00-b921-084c7c544976}</UniqueIdentifier>
    </Filter>
    <Filter Include="utility\game_objects\camera">
      <UniqueIdentifier>{e49e6909-c8a0-46ef-8bba-5e984000b988}</UniqueIdentifier>
    </Filter>
    <Filter Include="utility\light">
      <UniqueIdentifier>{832b6694-35a1-460f-bffe-4ba92f92bce7}</UniqueIdentifier>
    </Filter>
    <Filter Include="utility\components\meshes">
      <UniqueIdentifier>{ca27fe25-f55f-471c-a83f-461ee1269cb3}</UniqueIdentifier>
    </Filter>
    <Filter Include="utility\components\meshes\dynamic">
      <UniqueIdentifier>{cd759842-f970-4c89-a763-37bb66107fb8}</UniqueIdentifier>
    </Filter>
    <Filter Include="utility\components\meshes\static">
      <UniqueIdentifier>{260eb25f-4eca-4785-9e5a-646525418dd5}</UniqueIdentifier>
    </Filter>
    <Filter Include="utility\components\meshes\dynamic\loader">
      <UniqueIdentifier>{07aa6d0e-4722-43d6-93fd-5d86699f21b4}</UniqueIdentifier>
    </Filter>
  </ItemGroup>
</Project>